// !$*UTF8*$!
{
	archiveVersion = 1;
	classes = {
	};
	objectVersion = 56;
	objects = {

/* Begin PBXBuildFile section */
		AA0126D728D492C400888802 /* AppDelegate.swift in Sources */ = {isa = PBXBuildFile; fileRef = AA0126D628D492C400888802 /* AppDelegate.swift */; };
		AA0126D928D492C400888802 /* SceneDelegate.swift in Sources */ = {isa = PBXBuildFile; fileRef = AA0126D828D492C400888802 /* SceneDelegate.swift */; };
		AA0126DB28D492C400888802 /* TaskListViewController.swift in Sources */ = {isa = PBXBuildFile; fileRef = AA0126DA28D492C400888802 /* TaskListViewController.swift */; };
		AA0126DE28D492C400888802 /* Main.storyboard in Resources */ = {isa = PBXBuildFile; fileRef = AA0126DC28D492C400888802 /* Main.storyboard */; };
		AA0126E028D492C500888802 /* Assets.xcassets in Resources */ = {isa = PBXBuildFile; fileRef = AA0126DF28D492C500888802 /* Assets.xcassets */; };
		AA0126E328D492C500888802 /* LaunchScreen.storyboard in Resources */ = {isa = PBXBuildFile; fileRef = AA0126E128D492C500888802 /* LaunchScreen.storyboard */; };
		AA0126EE28D492C500888802 /* TDDToDoAppTests.swift in Sources */ = {isa = PBXBuildFile; fileRef = AA0126ED28D492C500888802 /* TDDToDoAppTests.swift */; };
		AA0126F828D492C500888802 /* TDDToDoAppUITests.swift in Sources */ = {isa = PBXBuildFile; fileRef = AA0126F728D492C500888802 /* TDDToDoAppUITests.swift */; };
		AA0126FA28D492C500888802 /* TDDToDoAppUITestsLaunchTests.swift in Sources */ = {isa = PBXBuildFile; fileRef = AA0126F928D492C500888802 /* TDDToDoAppUITestsLaunchTests.swift */; };
		AA01270B28D4BC5600888802 /* TaskTests.swift in Sources */ = {isa = PBXBuildFile; fileRef = AA01270A28D4BC5600888802 /* TaskTests.swift */; };
		AA01270E28D4BCF900888802 /* Task.swift in Sources */ = {isa = PBXBuildFile; fileRef = AA01270D28D4BCF900888802 /* Task.swift */; };
		AA99955028E32A3900F9885A /* TaskCell.swift in Sources */ = {isa = PBXBuildFile; fileRef = AA99954F28E32A3900F9885A /* TaskCell.swift */; };
		AAB1C43728E1DDFD004E72D5 /* Location.swift in Sources */ = {isa = PBXBuildFile; fileRef = AAB1C43628E1DDFD004E72D5 /* Location.swift */; };
		AAB1C43928E1E26F004E72D5 /* LocationTests.swift in Sources */ = {isa = PBXBuildFile; fileRef = AAB1C43828E1E26F004E72D5 /* LocationTests.swift */; };
		AAB1C43C28E1E77E004E72D5 /* TaskManagerTests.swift in Sources */ = {isa = PBXBuildFile; fileRef = AAB1C43B28E1E77E004E72D5 /* TaskManagerTests.swift */; };
		AAB1C43F28E1E7D7004E72D5 /* TaskManager.swift in Sources */ = {isa = PBXBuildFile; fileRef = AAB1C43E28E1E7D7004E72D5 /* TaskManager.swift */; };
		AAB1C44228E1FF50004E72D5 /* TaskListViewControllerTests.swift in Sources */ = {isa = PBXBuildFile; fileRef = AAB1C44128E1FF50004E72D5 /* TaskListViewControllerTests.swift */; };
		AAB1C44428E20368004E72D5 /* DataProvider.swift in Sources */ = {isa = PBXBuildFile; fileRef = AAB1C44328E20368004E72D5 /* DataProvider.swift */; };
		AAB1C44628E20806004E72D5 /* DataProviderTests.swift in Sources */ = {isa = PBXBuildFile; fileRef = AAB1C44528E20806004E72D5 /* DataProviderTests.swift */; };
		AADCF32828E4B84B008E4F1F /* TaskCellTest.swift in Sources */ = {isa = PBXBuildFile; fileRef = AADCF32728E4B84B008E4F1F /* TaskCellTest.swift */; };
/* End PBXBuildFile section */

/* Begin PBXContainerItemProxy section */
		AA0126EA28D492C500888802 /* PBXContainerItemProxy */ = {
			isa = PBXContainerItemProxy;
			containerPortal = AA0126CB28D492C400888802 /* Project object */;
			proxyType = 1;
			remoteGlobalIDString = AA0126D228D492C400888802;
			remoteInfo = TDDToDoApp;
		};
		AA0126F428D492C500888802 /* PBXContainerItemProxy */ = {
			isa = PBXContainerItemProxy;
			containerPortal = AA0126CB28D492C400888802 /* Project object */;
			proxyType = 1;
			remoteGlobalIDString = AA0126D228D492C400888802;
			remoteInfo = TDDToDoApp;
		};
/* End PBXContainerItemProxy section */

/* Begin PBXFileReference section */
		AA0126D328D492C400888802 /* TDDToDoApp.app */ = {isa = PBXFileReference; explicitFileType = wrapper.application; includeInIndex = 0; path = TDDToDoApp.app; sourceTree = BUILT_PRODUCTS_DIR; };
		AA0126D628D492C400888802 /* AppDelegate.swift */ = {isa = PBXFileReference; lastKnownFileType = sourcecode.swift; path = AppDelegate.swift; sourceTree = "<group>"; };
		AA0126D828D492C400888802 /* SceneDelegate.swift */ = {isa = PBXFileReference; lastKnownFileType = sourcecode.swift; path = SceneDelegate.swift; sourceTree = "<group>"; };
		AA0126DA28D492C400888802 /* TaskListViewController.swift */ = {isa = PBXFileReference; lastKnownFileType = sourcecode.swift; path = TaskListViewController.swift; sourceTree = "<group>"; };
		AA0126DD28D492C400888802 /* Base */ = {isa = PBXFileReference; lastKnownFileType = file.storyboard; name = Base; path = Base.lproj/Main.storyboard; sourceTree = "<group>"; };
		AA0126DF28D492C500888802 /* Assets.xcassets */ = {isa = PBXFileReference; lastKnownFileType = folder.assetcatalog; path = Assets.xcassets; sourceTree = "<group>"; };
		AA0126E228D492C500888802 /* Base */ = {isa = PBXFileReference; lastKnownFileType = file.storyboard; name = Base; path = Base.lproj/LaunchScreen.storyboard; sourceTree = "<group>"; };
		AA0126E428D492C500888802 /* Info.plist */ = {isa = PBXFileReference; lastKnownFileType = text.plist.xml; path = Info.plist; sourceTree = "<group>"; };
		AA0126E928D492C500888802 /* TDDToDoAppTests.xctest */ = {isa = PBXFileReference; explicitFileType = wrapper.cfbundle; includeInIndex = 0; path = TDDToDoAppTests.xctest; sourceTree = BUILT_PRODUCTS_DIR; };
		AA0126ED28D492C500888802 /* TDDToDoAppTests.swift */ = {isa = PBXFileReference; lastKnownFileType = sourcecode.swift; path = TDDToDoAppTests.swift; sourceTree = "<group>"; };
		AA0126F328D492C500888802 /* TDDToDoAppUITests.xctest */ = {isa = PBXFileReference; explicitFileType = wrapper.cfbundle; includeInIndex = 0; path = TDDToDoAppUITests.xctest; sourceTree = BUILT_PRODUCTS_DIR; };
		AA0126F728D492C500888802 /* TDDToDoAppUITests.swift */ = {isa = PBXFileReference; lastKnownFileType = sourcecode.swift; path = TDDToDoAppUITests.swift; sourceTree = "<group>"; };
		AA0126F928D492C500888802 /* TDDToDoAppUITestsLaunchTests.swift */ = {isa = PBXFileReference; lastKnownFileType = sourcecode.swift; path = TDDToDoAppUITestsLaunchTests.swift; sourceTree = "<group>"; };
		AA01270A28D4BC5600888802 /* TaskTests.swift */ = {isa = PBXFileReference; lastKnownFileType = sourcecode.swift; path = TaskTests.swift; sourceTree = "<group>"; };
		AA01270D28D4BCF900888802 /* Task.swift */ = {isa = PBXFileReference; lastKnownFileType = sourcecode.swift; path = Task.swift; sourceTree = "<group>"; };
		AA99954F28E32A3900F9885A /* TaskCell.swift */ = {isa = PBXFileReference; lastKnownFileType = sourcecode.swift; path = TaskCell.swift; sourceTree = "<group>"; };
		AAB1C43628E1DDFD004E72D5 /* Location.swift */ = {isa = PBXFileReference; lastKnownFileType = sourcecode.swift; path = Location.swift; sourceTree = "<group>"; };
		AAB1C43828E1E26F004E72D5 /* LocationTests.swift */ = {isa = PBXFileReference; lastKnownFileType = sourcecode.swift; path = LocationTests.swift; sourceTree = "<group>"; };
		AAB1C43B28E1E77E004E72D5 /* TaskManagerTests.swift */ = {isa = PBXFileReference; lastKnownFileType = sourcecode.swift; path = TaskManagerTests.swift; sourceTree = "<group>"; };
		AAB1C43E28E1E7D7004E72D5 /* TaskManager.swift */ = {isa = PBXFileReference; lastKnownFileType = sourcecode.swift; path = TaskManager.swift; sourceTree = "<group>"; };
		AAB1C44128E1FF50004E72D5 /* TaskListViewControllerTests.swift */ = {isa = PBXFileReference; lastKnownFileType = sourcecode.swift; path = TaskListViewControllerTests.swift; sourceTree = "<group>"; };
		AAB1C44328E20368004E72D5 /* DataProvider.swift */ = {isa = PBXFileReference; lastKnownFileType = sourcecode.swift; path = DataProvider.swift; sourceTree = "<group>"; };
		AAB1C44528E20806004E72D5 /* DataProviderTests.swift */ = {isa = PBXFileReference; lastKnownFileType = sourcecode.swift; path = DataProviderTests.swift; sourceTree = "<group>"; };
		AADCF32728E4B84B008E4F1F /* TaskCellTest.swift */ = {isa = PBXFileReference; lastKnownFileType = sourcecode.swift; path = TaskCellTest.swift; sourceTree = "<group>"; };
/* End PBXFileReference section */

/* Begin PBXFrameworksBuildPhase section */
		AA0126D028D492C400888802 /* Frameworks */ = {
			isa = PBXFrameworksBuildPhase;
			buildActionMask = 2147483647;
			files = (
			);
			runOnlyForDeploymentPostprocessing = 0;
		};
		AA0126E628D492C500888802 /* Frameworks */ = {
			isa = PBXFrameworksBuildPhase;
			buildActionMask = 2147483647;
			files = (
			);
			runOnlyForDeploymentPostprocessing = 0;
		};
		AA0126F028D492C500888802 /* Frameworks */ = {
			isa = PBXFrameworksBuildPhase;
			buildActionMask = 2147483647;
			files = (
			);
			runOnlyForDeploymentPostprocessing = 0;
		};
/* End PBXFrameworksBuildPhase section */

/* Begin PBXGroup section */
		AA0126CA28D492C400888802 = {
			isa = PBXGroup;
			children = (
				AA0126D528D492C400888802 /* TDDToDoApp */,
				AA0126EC28D492C500888802 /* TDDToDoAppTests */,
				AA0126F628D492C500888802 /* TDDToDoAppUITests */,
				AA0126D428D492C400888802 /* Products */,
			);
			sourceTree = "<group>";
		};
		AA0126D428D492C400888802 /* Products */ = {
			isa = PBXGroup;
			children = (
				AA0126D328D492C400888802 /* TDDToDoApp.app */,
				AA0126E928D492C500888802 /* TDDToDoAppTests.xctest */,
				AA0126F328D492C500888802 /* TDDToDoAppUITests.xctest */,
			);
			name = Products;
			sourceTree = "<group>";
		};
		AA0126D528D492C400888802 /* TDDToDoApp */ = {
			isa = PBXGroup;
			children = (
				AAB1C43D28E1E7CC004E72D5 /* Manager */,
				AA0126E428D492C500888802 /* Info.plist */,
				AA01270828D492EB00888802 /* Controller */,
				AA01270728D492E200888802 /* View */,
				AA01270628D492DA00888802 /* Model */,
				AA01270928D4931100888802 /* Supporting files */,
			);
			path = TDDToDoApp;
			sourceTree = "<group>";
		};
		AA0126EC28D492C500888802 /* TDDToDoAppTests */ = {
			isa = PBXGroup;
			children = (
				AADCF32628E4B80B008E4F1F /* View */,
				AAB1C44028E1FF36004E72D5 /* Controller */,
				AAB1C43A28E1E751004E72D5 /* Manager */,
				AA01270C28D4BC5D00888802 /* Model */,
				AA0126ED28D492C500888802 /* TDDToDoAppTests.swift */,
			);
			path = TDDToDoAppTests;
			sourceTree = "<group>";
		};
		AA0126F628D492C500888802 /* TDDToDoAppUITests */ = {
			isa = PBXGroup;
			children = (
				AA0126F728D492C500888802 /* TDDToDoAppUITests.swift */,
				AA0126F928D492C500888802 /* TDDToDoAppUITestsLaunchTests.swift */,
			);
			path = TDDToDoAppUITests;
			sourceTree = "<group>";
		};
		AA01270628D492DA00888802 /* Model */ = {
			isa = PBXGroup;
			children = (
				AA01270D28D4BCF900888802 /* Task.swift */,
				AAB1C43628E1DDFD004E72D5 /* Location.swift */,
			);
			path = Model;
			sourceTree = "<group>";
		};
		AA01270728D492E200888802 /* View */ = {
			isa = PBXGroup;
			children = (
				AA99954F28E32A3900F9885A /* TaskCell.swift */,
			);
			path = View;
			sourceTree = "<group>";
		};
		AA01270828D492EB00888802 /* Controller */ = {
			isa = PBXGroup;
			children = (
				AA0126DA28D492C400888802 /* TaskListViewController.swift */,
				AAB1C44328E20368004E72D5 /* DataProvider.swift */,
			);
			path = Controller;
			sourceTree = "<group>";
		};
		AA01270928D4931100888802 /* Supporting files */ = {
			isa = PBXGroup;
			children = (
				AA0126D628D492C400888802 /* AppDelegate.swift */,
				AA0126D828D492C400888802 /* SceneDelegate.swift */,
				AA0126DC28D492C400888802 /* Main.storyboard */,
				AA0126DF28D492C500888802 /* Assets.xcassets */,
				AA0126E128D492C500888802 /* LaunchScreen.storyboard */,
			);
			path = "Supporting files";
			sourceTree = "<group>";
		};
		AA01270C28D4BC5D00888802 /* Model */ = {
			isa = PBXGroup;
			children = (
				AA01270A28D4BC5600888802 /* TaskTests.swift */,
				AAB1C43828E1E26F004E72D5 /* LocationTests.swift */,
			);
			path = Model;
			sourceTree = "<group>";
		};
		AAB1C43A28E1E751004E72D5 /* Manager */ = {
			isa = PBXGroup;
			children = (
				AAB1C43B28E1E77E004E72D5 /* TaskManagerTests.swift */,
			);
			path = Manager;
			sourceTree = "<group>";
		};
		AAB1C43D28E1E7CC004E72D5 /* Manager */ = {
			isa = PBXGroup;
			children = (
				AAB1C43E28E1E7D7004E72D5 /* TaskManager.swift */,
			);
			path = Manager;
			sourceTree = "<group>";
		};
		AAB1C44028E1FF36004E72D5 /* Controller */ = {
			isa = PBXGroup;
			children = (
				AAB1C44128E1FF50004E72D5 /* TaskListViewControllerTests.swift */,
				AAB1C44528E20806004E72D5 /* DataProviderTests.swift */,
			);
			path = Controller;
			sourceTree = "<group>";
		};
		AADCF32628E4B80B008E4F1F /* View */ = {
			isa = PBXGroup;
			children = (
				AADCF32728E4B84B008E4F1F /* TaskCellTest.swift */,
			);
			path = View;
			sourceTree = "<group>";
		};
/* End PBXGroup section */

/* Begin PBXNativeTarget section */
		AA0126D228D492C400888802 /* TDDToDoApp */ = {
			isa = PBXNativeTarget;
			buildConfigurationList = AA0126FD28D492C500888802 /* Build configuration list for PBXNativeTarget "TDDToDoApp" */;
			buildPhases = (
				AA0126CF28D492C400888802 /* Sources */,
				AA0126D028D492C400888802 /* Frameworks */,
				AA0126D128D492C400888802 /* Resources */,
			);
			buildRules = (
			);
			dependencies = (
			);
			name = TDDToDoApp;
			productName = TDDToDoApp;
			productReference = AA0126D328D492C400888802 /* TDDToDoApp.app */;
			productType = "com.apple.product-type.application";
		};
		AA0126E828D492C500888802 /* TDDToDoAppTests */ = {
			isa = PBXNativeTarget;
			buildConfigurationList = AA01270028D492C500888802 /* Build configuration list for PBXNativeTarget "TDDToDoAppTests" */;
			buildPhases = (
				AA0126E528D492C500888802 /* Sources */,
				AA0126E628D492C500888802 /* Frameworks */,
				AA0126E728D492C500888802 /* Resources */,
			);
			buildRules = (
			);
			dependencies = (
				AA0126EB28D492C500888802 /* PBXTargetDependency */,
			);
			name = TDDToDoAppTests;
			productName = TDDToDoAppTests;
			productReference = AA0126E928D492C500888802 /* TDDToDoAppTests.xctest */;
			productType = "com.apple.product-type.bundle.unit-test";
		};
		AA0126F228D492C500888802 /* TDDToDoAppUITests */ = {
			isa = PBXNativeTarget;
			buildConfigurationList = AA01270328D492C500888802 /* Build configuration list for PBXNativeTarget "TDDToDoAppUITests" */;
			buildPhases = (
				AA0126EF28D492C500888802 /* Sources */,
				AA0126F028D492C500888802 /* Frameworks */,
				AA0126F128D492C500888802 /* Resources */,
			);
			buildRules = (
			);
			dependencies = (
				AA0126F528D492C500888802 /* PBXTargetDependency */,
			);
			name = TDDToDoAppUITests;
			productName = TDDToDoAppUITests;
			productReference = AA0126F328D492C500888802 /* TDDToDoAppUITests.xctest */;
			productType = "com.apple.product-type.bundle.ui-testing";
		};
/* End PBXNativeTarget section */

/* Begin PBXProject section */
		AA0126CB28D492C400888802 /* Project object */ = {
			isa = PBXProject;
			attributes = {
				BuildIndependentTargetsInParallel = 1;
				LastSwiftUpdateCheck = 1400;
				LastUpgradeCheck = 1400;
				TargetAttributes = {
					AA0126D228D492C400888802 = {
						CreatedOnToolsVersion = 14.0;
					};
					AA0126E828D492C500888802 = {
						CreatedOnToolsVersion = 14.0;
						TestTargetID = AA0126D228D492C400888802;
					};
					AA0126F228D492C500888802 = {
						CreatedOnToolsVersion = 14.0;
						TestTargetID = AA0126D228D492C400888802;
					};
				};
			};
			buildConfigurationList = AA0126CE28D492C400888802 /* Build configuration list for PBXProject "TDDToDoApp" */;
			compatibilityVersion = "Xcode 14.0";
			developmentRegion = en;
			hasScannedForEncodings = 0;
			knownRegions = (
				en,
				Base,
			);
			mainGroup = AA0126CA28D492C400888802;
			productRefGroup = AA0126D428D492C400888802 /* Products */;
			projectDirPath = "";
			projectRoot = "";
			targets = (
				AA0126D228D492C400888802 /* TDDToDoApp */,
				AA0126E828D492C500888802 /* TDDToDoAppTests */,
				AA0126F228D492C500888802 /* TDDToDoAppUITests */,
			);
		};
/* End PBXProject section */

/* Begin PBXResourcesBuildPhase section */
		AA0126D128D492C400888802 /* Resources */ = {
			isa = PBXResourcesBuildPhase;
			buildActionMask = 2147483647;
			files = (
				AA0126E328D492C500888802 /* LaunchScreen.storyboard in Resources */,
				AA0126E028D492C500888802 /* Assets.xcassets in Resources */,
				AA0126DE28D492C400888802 /* Main.storyboard in Resources */,
			);
			runOnlyForDeploymentPostprocessing = 0;
		};
		AA0126E728D492C500888802 /* Resources */ = {
			isa = PBXResourcesBuildPhase;
			buildActionMask = 2147483647;
			files = (
			);
			runOnlyForDeploymentPostprocessing = 0;
		};
		AA0126F128D492C500888802 /* Resources */ = {
			isa = PBXResourcesBuildPhase;
			buildActionMask = 2147483647;
			files = (
			);
			runOnlyForDeploymentPostprocessing = 0;
		};
/* End PBXResourcesBuildPhase section */

/* Begin PBXSourcesBuildPhase section */
		AA0126CF28D492C400888802 /* Sources */ = {
			isa = PBXSourcesBuildPhase;
			buildActionMask = 2147483647;
			files = (
				AAB1C43F28E1E7D7004E72D5 /* TaskManager.swift in Sources */,
				AA01270E28D4BCF900888802 /* Task.swift in Sources */,
				AA0126DB28D492C400888802 /* TaskListViewController.swift in Sources */,
				AAB1C44428E20368004E72D5 /* DataProvider.swift in Sources */,
				AA99955028E32A3900F9885A /* TaskCell.swift in Sources */,
				AAB1C43728E1DDFD004E72D5 /* Location.swift in Sources */,
				AA0126D728D492C400888802 /* AppDelegate.swift in Sources */,
				AA0126D928D492C400888802 /* SceneDelegate.swift in Sources */,
			);
			runOnlyForDeploymentPostprocessing = 0;
		};
		AA0126E528D492C500888802 /* Sources */ = {
			isa = PBXSourcesBuildPhase;
			buildActionMask = 2147483647;
			files = (
				AA01270B28D4BC5600888802 /* TaskTests.swift in Sources */,
				AAB1C43928E1E26F004E72D5 /* LocationTests.swift in Sources */,
				AADCF32828E4B84B008E4F1F /* TaskCellTest.swift in Sources */,
				AAB1C44628E20806004E72D5 /* DataProviderTests.swift in Sources */,
				AAB1C43C28E1E77E004E72D5 /* TaskManagerTests.swift in Sources */,
				AAB1C44228E1FF50004E72D5 /* TaskListViewControllerTests.swift in Sources */,
				AA0126EE28D492C500888802 /* TDDToDoAppTests.swift in Sources */,
			);
			runOnlyForDeploymentPostprocessing = 0;
		};
		AA0126EF28D492C500888802 /* Sources */ = {
			isa = PBXSourcesBuildPhase;
			buildActionMask = 2147483647;
			files = (
				AA0126F828D492C500888802 /* TDDToDoAppUITests.swift in Sources */,
				AA0126FA28D492C500888802 /* TDDToDoAppUITestsLaunchTests.swift in Sources */,
			);
			runOnlyForDeploymentPostprocessing = 0;
		};
/* End PBXSourcesBuildPhase section */

/* Begin PBXTargetDependency section */
		AA0126EB28D492C500888802 /* PBXTargetDependency */ = {
			isa = PBXTargetDependency;
			target = AA0126D228D492C400888802 /* TDDToDoApp */;
			targetProxy = AA0126EA28D492C500888802 /* PBXContainerItemProxy */;
		};
		AA0126F528D492C500888802 /* PBXTargetDependency */ = {
			isa = PBXTargetDependency;
			target = AA0126D228D492C400888802 /* TDDToDoApp */;
			targetProxy = AA0126F428D492C500888802 /* PBXContainerItemProxy */;
		};
/* End PBXTargetDependency section */

/* Begin PBXVariantGroup section */
		AA0126DC28D492C400888802 /* Main.storyboard */ = {
			isa = PBXVariantGroup;
			children = (
				AA0126DD28D492C400888802 /* Base */,
			);
			name = Main.storyboard;
			sourceTree = "<group>";
		};
		AA0126E128D492C500888802 /* LaunchScreen.storyboard */ = {
			isa = PBXVariantGroup;
			children = (
				AA0126E228D492C500888802 /* Base */,
			);
			name = LaunchScreen.storyboard;
			sourceTree = "<group>";
		};
/* End PBXVariantGroup section */

/* Begin XCBuildConfiguration section */
		AA0126FB28D492C500888802 /* Debug */ = {
			isa = XCBuildConfiguration;
			buildSettings = {
				ALWAYS_SEARCH_USER_PATHS = NO;
				CLANG_ANALYZER_NONNULL = YES;
				CLANG_ANALYZER_NUMBER_OBJECT_CONVERSION = YES_AGGRESSIVE;
				CLANG_CXX_LANGUAGE_STANDARD = "gnu++20";
				CLANG_ENABLE_MODULES = YES;
				CLANG_ENABLE_OBJC_ARC = YES;
				CLANG_ENABLE_OBJC_WEAK = YES;
				CLANG_WARN_BLOCK_CAPTURE_AUTORELEASING = YES;
				CLANG_WARN_BOOL_CONVERSION = YES;
				CLANG_WARN_COMMA = YES;
				CLANG_WARN_CONSTANT_CONVERSION = YES;
				CLANG_WARN_DEPRECATED_OBJC_IMPLEMENTATIONS = YES;
				CLANG_WARN_DIRECT_OBJC_ISA_USAGE = YES_ERROR;
				CLANG_WARN_DOCUMENTATION_COMMENTS = YES;
				CLANG_WARN_EMPTY_BODY = YES;
				CLANG_WARN_ENUM_CONVERSION = YES;
				CLANG_WARN_INFINITE_RECURSION = YES;
				CLANG_WARN_INT_CONVERSION = YES;
				CLANG_WARN_NON_LITERAL_NULL_CONVERSION = YES;
				CLANG_WARN_OBJC_IMPLICIT_RETAIN_SELF = YES;
				CLANG_WARN_OBJC_LITERAL_CONVERSION = YES;
				CLANG_WARN_OBJC_ROOT_CLASS = YES_ERROR;
				CLANG_WARN_QUOTED_INCLUDE_IN_FRAMEWORK_HEADER = YES;
				CLANG_WARN_RANGE_LOOP_ANALYSIS = YES;
				CLANG_WARN_STRICT_PROTOTYPES = YES;
				CLANG_WARN_SUSPICIOUS_MOVE = YES;
				CLANG_WARN_UNGUARDED_AVAILABILITY = YES_AGGRESSIVE;
				CLANG_WARN_UNREACHABLE_CODE = YES;
				CLANG_WARN__DUPLICATE_METHOD_MATCH = YES;
				COPY_PHASE_STRIP = NO;
				DEBUG_INFORMATION_FORMAT = dwarf;
				ENABLE_STRICT_OBJC_MSGSEND = YES;
				ENABLE_TESTABILITY = YES;
				GCC_C_LANGUAGE_STANDARD = gnu11;
				GCC_DYNAMIC_NO_PIC = NO;
				GCC_NO_COMMON_BLOCKS = YES;
				GCC_OPTIMIZATION_LEVEL = 0;
				GCC_PREPROCESSOR_DEFINITIONS = (
					"DEBUG=1",
					"$(inherited)",
				);
				GCC_WARN_64_TO_32_BIT_CONVERSION = YES;
				GCC_WARN_ABOUT_RETURN_TYPE = YES_ERROR;
				GCC_WARN_UNDECLARED_SELECTOR = YES;
				GCC_WARN_UNINITIALIZED_AUTOS = YES_AGGRESSIVE;
				GCC_WARN_UNUSED_FUNCTION = YES;
				GCC_WARN_UNUSED_VARIABLE = YES;
				IPHONEOS_DEPLOYMENT_TARGET = 16.0;
				MTL_ENABLE_DEBUG_INFO = INCLUDE_SOURCE;
				MTL_FAST_MATH = YES;
				ONLY_ACTIVE_ARCH = YES;
				SDKROOT = iphoneos;
				SWIFT_ACTIVE_COMPILATION_CONDITIONS = DEBUG;
				SWIFT_OPTIMIZATION_LEVEL = "-Onone";
			};
			name = Debug;
		};
		AA0126FC28D492C500888802 /* Release */ = {
			isa = XCBuildConfiguration;
			buildSettings = {
				ALWAYS_SEARCH_USER_PATHS = NO;
				CLANG_ANALYZER_NONNULL = YES;
				CLANG_ANALYZER_NUMBER_OBJECT_CONVERSION = YES_AGGRESSIVE;
				CLANG_CXX_LANGUAGE_STANDARD = "gnu++20";
				CLANG_ENABLE_MODULES = YES;
				CLANG_ENABLE_OBJC_ARC = YES;
				CLANG_ENABLE_OBJC_WEAK = YES;
				CLANG_WARN_BLOCK_CAPTURE_AUTORELEASING = YES;
				CLANG_WARN_BOOL_CONVERSION = YES;
				CLANG_WARN_COMMA = YES;
				CLANG_WARN_CONSTANT_CONVERSION = YES;
				CLANG_WARN_DEPRECATED_OBJC_IMPLEMENTATIONS = YES;
				CLANG_WARN_DIRECT_OBJC_ISA_USAGE = YES_ERROR;
				CLANG_WARN_DOCUMENTATION_COMMENTS = YES;
				CLANG_WARN_EMPTY_BODY = YES;
				CLANG_WARN_ENUM_CONVERSION = YES;
				CLANG_WARN_INFINITE_RECURSION = YES;
				CLANG_WARN_INT_CONVERSION = YES;
				CLANG_WARN_NON_LITERAL_NULL_CONVERSION = YES;
				CLANG_WARN_OBJC_IMPLICIT_RETAIN_SELF = YES;
				CLANG_WARN_OBJC_LITERAL_CONVERSION = YES;
				CLANG_WARN_OBJC_ROOT_CLASS = YES_ERROR;
				CLANG_WARN_QUOTED_INCLUDE_IN_FRAMEWORK_HEADER = YES;
				CLANG_WARN_RANGE_LOOP_ANALYSIS = YES;
				CLANG_WARN_STRICT_PROTOTYPES = YES;
				CLANG_WARN_SUSPICIOUS_MOVE = YES;
				CLANG_WARN_UNGUARDED_AVAILABILITY = YES_AGGRESSIVE;
				CLANG_WARN_UNREACHABLE_CODE = YES;
				CLANG_WARN__DUPLICATE_METHOD_MATCH = YES;
				COPY_PHASE_STRIP = NO;
				DEBUG_INFORMATION_FORMAT = "dwarf-with-dsym";
				ENABLE_NS_ASSERTIONS = NO;
				ENABLE_STRICT_OBJC_MSGSEND = YES;
				GCC_C_LANGUAGE_STANDARD = gnu11;
				GCC_NO_COMMON_BLOCKS = YES;
				GCC_WARN_64_TO_32_BIT_CONVERSION = YES;
				GCC_WARN_ABOUT_RETURN_TYPE = YES_ERROR;
				GCC_WARN_UNDECLARED_SELECTOR = YES;
				GCC_WARN_UNINITIALIZED_AUTOS = YES_AGGRESSIVE;
				GCC_WARN_UNUSED_FUNCTION = YES;
				GCC_WARN_UNUSED_VARIABLE = YES;
				IPHONEOS_DEPLOYMENT_TARGET = 16.0;
				MTL_ENABLE_DEBUG_INFO = NO;
				MTL_FAST_MATH = YES;
				SDKROOT = iphoneos;
				SWIFT_COMPILATION_MODE = wholemodule;
				SWIFT_OPTIMIZATION_LEVEL = "-O";
				VALIDATE_PRODUCT = YES;
			};
			name = Release;
		};
		AA0126FE28D492C500888802 /* Debug */ = {
			isa = XCBuildConfiguration;
			buildSettings = {
				ASSETCATALOG_COMPILER_APPICON_NAME = AppIcon;
				ASSETCATALOG_COMPILER_GLOBAL_ACCENT_COLOR_NAME = AccentColor;
				CODE_SIGN_STYLE = Automatic;
				CURRENT_PROJECT_VERSION = 1;
				DEVELOPMENT_TEAM = HDAGZGQ2SM;
				GENERATE_INFOPLIST_FILE = YES;
				INFOPLIST_FILE = TDDToDoApp/Info.plist;
				INFOPLIST_KEY_UIApplicationSupportsIndirectInputEvents = YES;
				INFOPLIST_KEY_UILaunchStoryboardName = LaunchScreen;
				INFOPLIST_KEY_UIMainStoryboardFile = Main;
				INFOPLIST_KEY_UISupportedInterfaceOrientations_iPad = "UIInterfaceOrientationPortrait UIInterfaceOrientationPortraitUpsideDown UIInterfaceOrientationLandscapeLeft UIInterfaceOrientationLandscapeRight";
				INFOPLIST_KEY_UISupportedInterfaceOrientations_iPhone = "UIInterfaceOrientationPortrait UIInterfaceOrientationLandscapeLeft UIInterfaceOrientationLandscapeRight";
				LD_RUNPATH_SEARCH_PATHS = (
					"$(inherited)",
					"@executable_path/Frameworks",
				);
				MARKETING_VERSION = 1.0;
				PRODUCT_BUNDLE_IDENTIFIER = MDGladkov.TDDToDoApp;
				PRODUCT_NAME = "$(TARGET_NAME)";
				SWIFT_EMIT_LOC_STRINGS = YES;
				SWIFT_VERSION = 5.0;
				TARGETED_DEVICE_FAMILY = "1,2";
			};
			name = Debug;
		};
		AA0126FF28D492C500888802 /* Release */ = {
			isa = XCBuildConfiguration;
			buildSettings = {
				ASSETCATALOG_COMPILER_APPICON_NAME = AppIcon;
				ASSETCATALOG_COMPILER_GLOBAL_ACCENT_COLOR_NAME = AccentColor;
				CODE_SIGN_STYLE = Automatic;
				CURRENT_PROJECT_VERSION = 1;
				DEVELOPMENT_TEAM = HDAGZGQ2SM;
				GENERATE_INFOPLIST_FILE = YES;
				INFOPLIST_FILE = TDDToDoApp/Info.plist;
				INFOPLIST_KEY_UIApplicationSupportsIndirectInputEvents = YES;
				INFOPLIST_KEY_UILaunchStoryboardName = LaunchScreen;
				INFOPLIST_KEY_UIMainStoryboardFile = Main;
				INFOPLIST_KEY_UISupportedInterfaceOrientations_iPad = "UIInterfaceOrientationPortrait UIInterfaceOrientationPortraitUpsideDown UIInterfaceOrientationLandscapeLeft UIInterfaceOrientationLandscapeRight";
				INFOPLIST_KEY_UISupportedInterfaceOrientations_iPhone = "UIInterfaceOrientationPortrait UIInterfaceOrientationLandscapeLeft UIInterfaceOrientationLandscapeRight";
				LD_RUNPATH_SEARCH_PATHS = (
					"$(inherited)",
					"@executable_path/Frameworks",
				);
				MARKETING_VERSION = 1.0;
				PRODUCT_BUNDLE_IDENTIFIER = MDGladkov.TDDToDoApp;
				PRODUCT_NAME = "$(TARGET_NAME)";
				SWIFT_EMIT_LOC_STRINGS = YES;
				SWIFT_VERSION = 5.0;
				TARGETED_DEVICE_FAMILY = "1,2";
			};
			name = Release;
		};
		AA01270128D492C500888802 /* Debug */ = {
			isa = XCBuildConfiguration;
			buildSettings = {
				ALWAYS_EMBED_SWIFT_STANDARD_LIBRARIES = YES;
				BUNDLE_LOADER = "$(TEST_HOST)";
				CODE_SIGN_STYLE = Automatic;
				CURRENT_PROJECT_VERSION = 1;
				DEVELOPMENT_TEAM = HDAGZGQ2SM;
				GENERATE_INFOPLIST_FILE = YES;
				IPHONEOS_DEPLOYMENT_TARGET = 16.0;
				MARKETING_VERSION = 1.0;
				PRODUCT_BUNDLE_IDENTIFIER = MDGladkov.TDDToDoAppTests;
				PRODUCT_NAME = "$(TARGET_NAME)";
				SWIFT_EMIT_LOC_STRINGS = NO;
				SWIFT_VERSION = 5.0;
				TARGETED_DEVICE_FAMILY = "1,2";
				TEST_HOST = "$(BUILT_PRODUCTS_DIR)/TDDToDoApp.app/$(BUNDLE_EXECUTABLE_FOLDER_PATH)/TDDToDoApp";
			};
			name = Debug;
		};
		AA01270228D492C500888802 /* Release */ = {
			isa = XCBuildConfiguration;
			buildSettings = {
				ALWAYS_EMBED_SWIFT_STANDARD_LIBRARIES = YES;
				BUNDLE_LOADER = "$(TEST_HOST)";
				CODE_SIGN_STYLE = Automatic;
				CURRENT_PROJECT_VERSION = 1;
				DEVELOPMENT_TEAM = HDAGZGQ2SM;
				GENERATE_INFOPLIST_FILE = YES;
				IPHONEOS_DEPLOYMENT_TARGET = 16.0;
				MARKETING_VERSION = 1.0;
				PRODUCT_BUNDLE_IDENTIFIER = MDGladkov.TDDToDoAppTests;
				PRODUCT_NAME = "$(TARGET_NAME)";
				SWIFT_EMIT_LOC_STRINGS = NO;
				SWIFT_VERSION = 5.0;
				TARGETED_DEVICE_FAMILY = "1,2";
				TEST_HOST = "$(BUILT_PRODUCTS_DIR)/TDDToDoApp.app/$(BUNDLE_EXECUTABLE_FOLDER_PATH)/TDDToDoApp";
			};
			name = Release;
		};
		AA01270428D492C500888802 /* Debug */ = {
			isa = XCBuildConfiguration;
			buildSettings = {
				ALWAYS_EMBED_SWIFT_STANDARD_LIBRARIES = YES;
				CODE_SIGN_STYLE = Automatic;
				CURRENT_PROJECT_VERSION = 1;
				DEVELOPMENT_TEAM = HDAGZGQ2SM;
				GENERATE_INFOPLIST_FILE = YES;
				MARKETING_VERSION = 1.0;
				PRODUCT_BUNDLE_IDENTIFIER = MDGladkov.TDDToDoAppUITests;
				PRODUCT_NAME = "$(TARGET_NAME)";
				SWIFT_EMIT_LOC_STRINGS = NO;
				SWIFT_VERSION = 5.0;
				TARGETED_DEVICE_FAMILY = "1,2";
				TEST_TARGET_NAME = TDDToDoApp;
			};
			name = Debug;
		};
		AA01270528D492C500888802 /* Release */ = {
			isa = XCBuildConfiguration;
			buildSettings = {
				ALWAYS_EMBED_SWIFT_STANDARD_LIBRARIES = YES;
				CODE_SIGN_STYLE = Automatic;
				CURRENT_PROJECT_VERSION = 1;
				DEVELOPMENT_TEAM = HDAGZGQ2SM;
				GENERATE_INFOPLIST_FILE = YES;
				MARKETING_VERSION = 1.0;
				PRODUCT_BUNDLE_IDENTIFIER = MDGladkov.TDDToDoAppUITests;
				PRODUCT_NAME = "$(TARGET_NAME)";
				SWIFT_EMIT_LOC_STRINGS = NO;
				SWIFT_VERSION = 5.0;
				TARGETED_DEVICE_FAMILY = "1,2";
				TEST_TARGET_NAME = TDDToDoApp;
			};
			name = Release;
		};
/* End XCBuildConfiguration section */

/* Begin XCConfigurationList section */
		AA0126CE28D492C400888802 /* Build configuration list for PBXProject "TDDToDoApp" */ = {
			isa = XCConfigurationList;
			buildConfigurations = (
				AA0126FB28D492C500888802 /* Debug */,
				AA0126FC28D492C500888802 /* Release */,
			);
			defaultConfigurationIsVisible = 0;
			defaultConfigurationName = Release;
		};
		AA0126FD28D492C500888802 /* Build configuration list for PBXNativeTarget "TDDToDoApp" */ = {
			isa = XCConfigurationList;
			buildConfigurations = (
				AA0126FE28D492C500888802 /* Debug */,
				AA0126FF28D492C500888802 /* Release */,
			);
			defaultConfigurationIsVisible = 0;
			defaultConfigurationName = Release;
		};
		AA01270028D492C500888802 /* Build configuration list for PBXNativeTarget "TDDToDoAppTests" */ = {
			isa = XCConfigurationList;
			buildConfigurations = (
				AA01270128D492C500888802 /* Debug */,
				AA01270228D492C500888802 /* Release */,
			);
			defaultConfigurationIsVisible = 0;
			defaultConfigurationName = Release;
		};
		AA01270328D492C500888802 /* Build configuration list for PBXNativeTarget "TDDToDoAppUITests" */ = {
			isa = XCConfigurationList;
			buildConfigurations = (
				AA01270428D492C500888802 /* Debug */,
				AA01270528D492C500888802 /* Release */,
			);
			defaultConfigurationIsVisible = 0;
			defaultConfigurationName = Release;
		};
/* End XCConfigurationList section */
	};
	rootObject = AA0126CB28D492C400888802 /* Project object */;
}
